// !$*UTF8*$!
{
	archiveVersion = 1;
	classes = {
	};
	objectVersion = 48;
	objects = {

/* Begin PBXBuildFile section */
		1C0318F01FB0B7F5004CF2B4 /* DownloadProfileImage.swift in Sources */ = {isa = PBXBuildFile; fileRef = 1C0318EF1FB0B7F5004CF2B4 /* DownloadProfileImage.swift */; };
		1C0318F21FB0BE60004CF2B4 /* DisplayGithubUsers.swift in Sources */ = {isa = PBXBuildFile; fileRef = 1C0318F11FB0BE60004CF2B4 /* DisplayGithubUsers.swift */; };
		1C1633711FB3A66A00EA4B4A /* noImage.png in Resources */ = {isa = PBXBuildFile; fileRef = 1C1633701FB3A66A00EA4B4A /* noImage.png */; };
		1C2002791FB4A75900E6EA3D /* DisplayUsersTableViewCell.swift in Sources */ = {isa = PBXBuildFile; fileRef = 1C2002781FB4A75900E6EA3D /* DisplayUsersTableViewCell.swift */; };
		1C20027B1FB4AAA000E6EA3D /* DisplayGithubUserCollectionView.swift in Sources */ = {isa = PBXBuildFile; fileRef = 1C20027A1FB4AAA000E6EA3D /* DisplayGithubUserCollectionView.swift */; };
		1C20027D1FB4AEEC00E6EA3D /* DisplayUsersCollectionViewCell.swift in Sources */ = {isa = PBXBuildFile; fileRef = 1C20027C1FB4AEEC00E6EA3D /* DisplayUsersCollectionViewCell.swift */; };
		1C20027F1FB626E600E6EA3D /* SearchViewController.swift in Sources */ = {isa = PBXBuildFile; fileRef = 1C20027E1FB626E600E6EA3D /* SearchViewController.swift */; };
		1C2002811FB626F000E6EA3D /* Localizable.strings in Resources */ = {isa = PBXBuildFile; fileRef = 1C2002801FB626F000E6EA3D /* Localizable.strings */; };
		1C2002831FB62D5300E6EA3D /* GradientView.swift in Sources */ = {isa = PBXBuildFile; fileRef = 1C2002821FB62D5300E6EA3D /* GradientView.swift */; };
		1C6E06A11FD3D07900E81FC1 /* CommitsOnRepository.swift in Sources */ = {isa = PBXBuildFile; fileRef = 1C6E06A01FD3D07900E81FC1 /* CommitsOnRepository.swift */; };
		1C6E06A31FD3D52A00E81FC1 /* GithubCommitsNetworkingLayer.swift in Sources */ = {isa = PBXBuildFile; fileRef = 1C6E06A21FD3D52A00E81FC1 /* GithubCommitsNetworkingLayer.swift */; };
		1C83DF221FC5FE50005758DC /* UserRepositoriesNetworkingLayer.swift in Sources */ = {isa = PBXBuildFile; fileRef = 1C83DF211FC5FE50005758DC /* UserRepositoriesNetworkingLayer.swift */; };
		1C83DF241FC60699005758DC /* FunctionCallers.swift in Sources */ = {isa = PBXBuildFile; fileRef = 1C83DF231FC60699005758DC /* FunctionCallers.swift */; };
		1C83DF261FC63800005758DC /* DisplayUserRepositories.swift in Sources */ = {isa = PBXBuildFile; fileRef = 1C83DF251FC63800005758DC /* DisplayUserRepositories.swift */; };
		1C8DA2F31F9C60F500553C5A /* AppDelegate.swift in Sources */ = {isa = PBXBuildFile; fileRef = 1C8DA2F21F9C60F500553C5A /* AppDelegate.swift */; };
		1C8DA2F51F9C60F500553C5A /* LogInViewController.swift in Sources */ = {isa = PBXBuildFile; fileRef = 1C8DA2F41F9C60F500553C5A /* LogInViewController.swift */; };
		1C8DA2F81F9C60F500553C5A /* Main.storyboard in Resources */ = {isa = PBXBuildFile; fileRef = 1C8DA2F61F9C60F500553C5A /* Main.storyboard */; };
		1C8DA2FA1F9C60F500553C5A /* Assets.xcassets in Resources */ = {isa = PBXBuildFile; fileRef = 1C8DA2F91F9C60F500553C5A /* Assets.xcassets */; };
		1C8DA2FD1F9C60F500553C5A /* LaunchScreen.storyboard in Resources */ = {isa = PBXBuildFile; fileRef = 1C8DA2FB1F9C60F500553C5A /* LaunchScreen.storyboard */; };
		1C8DA3061F9C6EA700553C5A /* User.swift in Sources */ = {isa = PBXBuildFile; fileRef = 1C8DA3051F9C6EA700553C5A /* User.swift */; };
		1C8DA3081F9C6F4400553C5A /* BasicAuth.swift in Sources */ = {isa = PBXBuildFile; fileRef = 1C8DA3071F9C6F4400553C5A /* BasicAuth.swift */; };
		1C8DA30A1F9C732B00553C5A /* LogInNetworkingCode.swift in Sources */ = {isa = PBXBuildFile; fileRef = 1C8DA3091F9C732B00553C5A /* LogInNetworkingCode.swift */; };
		1C8DA30C1F9D5FCB00553C5A /* Alerts.swift in Sources */ = {isa = PBXBuildFile; fileRef = 1C8DA30B1F9D5FCB00553C5A /* Alerts.swift */; };
		1CA523E61FA2E76D00E792A8 /* SignUpViewController.swift in Sources */ = {isa = PBXBuildFile; fileRef = 1CA523E51FA2E76D00E792A8 /* SignUpViewController.swift */; };
		1CF05EB01F9F18B70093B8C7 /* GithubNetworkingLayer.swift in Sources */ = {isa = PBXBuildFile; fileRef = 1CF05EAF1F9F18B70093B8C7 /* GithubNetworkingLayer.swift */; };
		1CF05EB41F9F1BDF0093B8C7 /* GithubUser.swift in Sources */ = {isa = PBXBuildFile; fileRef = 1CF05EB31F9F1BDF0093B8C7 /* GithubUser.swift */; };
		1CF05EB61F9F1FF70093B8C7 /* FIndGithubUsers.swift in Sources */ = {isa = PBXBuildFile; fileRef = 1CF05EB51F9F1FF70093B8C7 /* FIndGithubUsers.swift */; };
		1CF05EB91F9F9B250093B8C7 /* OauthToken.swift in Sources */ = {isa = PBXBuildFile; fileRef = 1CF05EB81F9F9B250093B8C7 /* OauthToken.swift */; };
		38BC541F105D063D8B0E861C /* FindUserRepositories.swift in Sources */ = {isa = PBXBuildFile; fileRef = 38BC545AB343CE80F800BD0F /* FindUserRepositories.swift */; };
		5E2F9088744B24960B513589 /* Pods_OrchardClient.framework in Frameworks */ = {isa = PBXBuildFile; fileRef = AD3D4316923DCA8E60ADF579 /* Pods_OrchardClient.framework */; };
/* End PBXBuildFile section */

/* Begin PBXFileReference section */
		1C0318EF1FB0B7F5004CF2B4 /* DownloadProfileImage.swift */ = {isa = PBXFileReference; lastKnownFileType = sourcecode.swift; path = DownloadProfileImage.swift; sourceTree = "<group>"; };
		1C0318F11FB0BE60004CF2B4 /* DisplayGithubUsers.swift */ = {isa = PBXFileReference; lastKnownFileType = sourcecode.swift; path = DisplayGithubUsers.swift; sourceTree = "<group>"; };
		1C1633701FB3A66A00EA4B4A /* noImage.png */ = {isa = PBXFileReference; lastKnownFileType = image.png; path = noImage.png; sourceTree = "<group>"; };
		1C2002781FB4A75900E6EA3D /* DisplayUsersTableViewCell.swift */ = {isa = PBXFileReference; lastKnownFileType = sourcecode.swift; path = DisplayUsersTableViewCell.swift; sourceTree = "<group>"; };
		1C20027A1FB4AAA000E6EA3D /* DisplayGithubUserCollectionView.swift */ = {isa = PBXFileReference; lastKnownFileType = sourcecode.swift; path = DisplayGithubUserCollectionView.swift; sourceTree = "<group>"; };
		1C20027C1FB4AEEC00E6EA3D /* DisplayUsersCollectionViewCell.swift */ = {isa = PBXFileReference; lastKnownFileType = sourcecode.swift; path = DisplayUsersCollectionViewCell.swift; sourceTree = "<group>"; };
		1C20027E1FB626E600E6EA3D /* SearchViewController.swift */ = {isa = PBXFileReference; fileEncoding = 4; lastKnownFileType = sourcecode.swift; path = SearchViewController.swift; sourceTree = "<group>"; };
		1C2002801FB626F000E6EA3D /* Localizable.strings */ = {isa = PBXFileReference; fileEncoding = 4; lastKnownFileType = text.plist.strings; path = Localizable.strings; sourceTree = "<group>"; };
		1C2002821FB62D5300E6EA3D /* GradientView.swift */ = {isa = PBXFileReference; fileEncoding = 4; lastKnownFileType = sourcecode.swift; path = GradientView.swift; sourceTree = "<group>"; };
		1C6E06A01FD3D07900E81FC1 /* CommitsOnRepository.swift */ = {isa = PBXFileReference; lastKnownFileType = sourcecode.swift; path = CommitsOnRepository.swift; sourceTree = "<group>"; };
		1C6E06A21FD3D52A00E81FC1 /* GithubCommitsNetworkingLayer.swift */ = {isa = PBXFileReference; lastKnownFileType = sourcecode.swift; path = GithubCommitsNetworkingLayer.swift; sourceTree = "<group>"; };
		1C83DF211FC5FE50005758DC /* UserRepositoriesNetworkingLayer.swift */ = {isa = PBXFileReference; lastKnownFileType = sourcecode.swift; path = UserRepositoriesNetworkingLayer.swift; sourceTree = "<group>"; };
		1C83DF231FC60699005758DC /* FunctionCallers.swift */ = {isa = PBXFileReference; lastKnownFileType = sourcecode.swift; path = FunctionCallers.swift; sourceTree = "<group>"; };
		1C83DF251FC63800005758DC /* DisplayUserRepositories.swift */ = {isa = PBXFileReference; lastKnownFileType = sourcecode.swift; path = DisplayUserRepositories.swift; sourceTree = "<group>"; };
		1C8DA2EF1F9C60F500553C5A /* OrchardClient.app */ = {isa = PBXFileReference; explicitFileType = wrapper.application; includeInIndex = 0; path = OrchardClient.app; sourceTree = BUILT_PRODUCTS_DIR; };
		1C8DA2F21F9C60F500553C5A /* AppDelegate.swift */ = {isa = PBXFileReference; lastKnownFileType = sourcecode.swift; path = AppDelegate.swift; sourceTree = "<group>"; };
		1C8DA2F41F9C60F500553C5A /* LogInViewController.swift */ = {isa = PBXFileReference; lastKnownFileType = sourcecode.swift; path = LogInViewController.swift; sourceTree = "<group>"; };
		1C8DA2F71F9C60F500553C5A /* Base */ = {isa = PBXFileReference; lastKnownFileType = file.storyboard; name = Base; path = Base.lproj/Main.storyboard; sourceTree = "<group>"; };
		1C8DA2F91F9C60F500553C5A /* Assets.xcassets */ = {isa = PBXFileReference; lastKnownFileType = folder.assetcatalog; path = Assets.xcassets; sourceTree = "<group>"; };
		1C8DA2FC1F9C60F500553C5A /* Base */ = {isa = PBXFileReference; lastKnownFileType = file.storyboard; name = Base; path = Base.lproj/LaunchScreen.storyboard; sourceTree = "<group>"; };
		1C8DA2FE1F9C60F500553C5A /* Info.plist */ = {isa = PBXFileReference; lastKnownFileType = text.plist.xml; path = Info.plist; sourceTree = "<group>"; };
		1C8DA3051F9C6EA700553C5A /* User.swift */ = {isa = PBXFileReference; lastKnownFileType = sourcecode.swift; path = User.swift; sourceTree = "<group>"; };
		1C8DA3071F9C6F4400553C5A /* BasicAuth.swift */ = {isa = PBXFileReference; lastKnownFileType = sourcecode.swift; path = BasicAuth.swift; sourceTree = "<group>"; };
		1C8DA3091F9C732B00553C5A /* LogInNetworkingCode.swift */ = {isa = PBXFileReference; lastKnownFileType = sourcecode.swift; path = LogInNetworkingCode.swift; sourceTree = "<group>"; };
		1C8DA30B1F9D5FCB00553C5A /* Alerts.swift */ = {isa = PBXFileReference; lastKnownFileType = sourcecode.swift; path = Alerts.swift; sourceTree = "<group>"; };
		1CA523E51FA2E76D00E792A8 /* SignUpViewController.swift */ = {isa = PBXFileReference; lastKnownFileType = sourcecode.swift; path = SignUpViewController.swift; sourceTree = "<group>"; };
		1CF05EAF1F9F18B70093B8C7 /* GithubNetworkingLayer.swift */ = {isa = PBXFileReference; lastKnownFileType = sourcecode.swift; path = GithubNetworkingLayer.swift; sourceTree = "<group>"; };
		1CF05EB31F9F1BDF0093B8C7 /* GithubUser.swift */ = {isa = PBXFileReference; lastKnownFileType = sourcecode.swift; path = GithubUser.swift; sourceTree = "<group>"; };
		1CF05EB51F9F1FF70093B8C7 /* FIndGithubUsers.swift */ = {isa = PBXFileReference; lastKnownFileType = sourcecode.swift; path = FIndGithubUsers.swift; sourceTree = "<group>"; };
		1CF05EB81F9F9B250093B8C7 /* OauthToken.swift */ = {isa = PBXFileReference; lastKnownFileType = sourcecode.swift; path = OauthToken.swift; sourceTree = "<group>"; };
		38BC545AB343CE80F800BD0F /* FindUserRepositories.swift */ = {isa = PBXFileReference; fileEncoding = 4; lastKnownFileType = sourcecode.swift; path = FindUserRepositories.swift; sourceTree = "<group>"; };
		AD3D4316923DCA8E60ADF579 /* Pods_OrchardClient.framework */ = {isa = PBXFileReference; explicitFileType = wrapper.framework; includeInIndex = 0; path = Pods_OrchardClient.framework; sourceTree = BUILT_PRODUCTS_DIR; };
		B4575281DD01A9EC711C93D0 /* Pods-OrchardClient.release.xcconfig */ = {isa = PBXFileReference; includeInIndex = 1; lastKnownFileType = text.xcconfig; name = "Pods-OrchardClient.release.xcconfig"; path = "Pods/Target Support Files/Pods-OrchardClient/Pods-OrchardClient.release.xcconfig"; sourceTree = "<group>"; };
		F77725FD0749C8B351FC031A /* Pods-OrchardClient.debug.xcconfig */ = {isa = PBXFileReference; includeInIndex = 1; lastKnownFileType = text.xcconfig; name = "Pods-OrchardClient.debug.xcconfig"; path = "Pods/Target Support Files/Pods-OrchardClient/Pods-OrchardClient.debug.xcconfig"; sourceTree = "<group>"; };
/* End PBXFileReference section */

/* Begin PBXFrameworksBuildPhase section */
		1C8DA2EC1F9C60F500553C5A /* Frameworks */ = {
			isa = PBXFrameworksBuildPhase;
			buildActionMask = 2147483647;
			files = (
				5E2F9088744B24960B513589 /* Pods_OrchardClient.framework in Frameworks */,
			);
			runOnlyForDeploymentPostprocessing = 0;
		};
/* End PBXFrameworksBuildPhase section */

/* Begin PBXGroup section */
		1C8DA2E61F9C60F500553C5A = {
			isa = PBXGroup;
			children = (
				1CF05EB71F9F9B0D0093B8C7 /* Constants */,
				1CF05EB21F9F1AEB0093B8C7 /* Helpers */,
				1CF05EB11F9F1ACF0093B8C7 /* View Controllers */,
				1CF05EAE1F9F18990093B8C7 /* Models-and-Networking-Layers */,
				1C8DA2F11F9C60F500553C5A /* OrchardClient */,
				1C8DA2F01F9C60F500553C5A /* Products */,
				F402F9474885CF9EFF651FAF /* Pods */,
				34EE4516DC50589F0CCFC5BC /* Frameworks */,
			);
			sourceTree = "<group>";
		};
		1C8DA2F01F9C60F500553C5A /* Products */ = {
			isa = PBXGroup;
			children = (
				1C8DA2EF1F9C60F500553C5A /* OrchardClient.app */,
			);
			name = Products;
			sourceTree = "<group>";
		};
		1C8DA2F11F9C60F500553C5A /* OrchardClient */ = {
			isa = PBXGroup;
			children = (
				1C8DA2F21F9C60F500553C5A /* AppDelegate.swift */,
				1C8DA2F61F9C60F500553C5A /* Main.storyboard */,
				1C8DA2F91F9C60F500553C5A /* Assets.xcassets */,
				1C8DA2FB1F9C60F500553C5A /* LaunchScreen.storyboard */,
				1C8DA2FE1F9C60F500553C5A /* Info.plist */,
			);
			path = OrchardClient;
			sourceTree = "<group>";
		};
		1CF05EAE1F9F18990093B8C7 /* Models-and-Networking-Layers */ = {
			isa = PBXGroup;
			children = (
				1C8DA3051F9C6EA700553C5A /* User.swift */,
				1CF05EB31F9F1BDF0093B8C7 /* GithubUser.swift */,
				1C0318EF1FB0B7F5004CF2B4 /* DownloadProfileImage.swift */,
				1CF05EAF1F9F18B70093B8C7 /* GithubNetworkingLayer.swift */,
				1C8DA3091F9C732B00553C5A /* LogInNetworkingCode.swift */,
				38BC545AB343CE80F800BD0F /* FindUserRepositories.swift */,
				1C83DF211FC5FE50005758DC /* UserRepositoriesNetworkingLayer.swift */,
				1C6E06A01FD3D07900E81FC1 /* CommitsOnRepository.swift */,
				1C6E06A21FD3D52A00E81FC1 /* GithubCommitsNetworkingLayer.swift */,
			);
			path = "Models-and-Networking-Layers";
			sourceTree = "<group>";
		};
		1CF05EB11F9F1ACF0093B8C7 /* View Controllers */ = {
			isa = PBXGroup;
			children = (
				1C8DA2F41F9C60F500553C5A /* LogInViewController.swift */,
				1CF05EB51F9F1FF70093B8C7 /* FIndGithubUsers.swift */,
				1C2002801FB626F000E6EA3D /* Localizable.strings */,
				1C20027E1FB626E600E6EA3D /* SearchViewController.swift */,
				1CA523E51FA2E76D00E792A8 /* SignUpViewController.swift */,
				1C0318F11FB0BE60004CF2B4 /* DisplayGithubUsers.swift */,
				1C20027A1FB4AAA000E6EA3D /* DisplayGithubUserCollectionView.swift */,
				1C2002821FB62D5300E6EA3D /* GradientView.swift */,
				1C83DF251FC63800005758DC /* DisplayUserRepositories.swift */,
			);
			path = "View Controllers";
			sourceTree = "<group>";
		};
		1CF05EB21F9F1AEB0093B8C7 /* Helpers */ = {
			isa = PBXGroup;
			children = (
				1C1633701FB3A66A00EA4B4A /* noImage.png */,
				1C8DA30B1F9D5FCB00553C5A /* Alerts.swift */,
				1C8DA3071F9C6F4400553C5A /* BasicAuth.swift */,
				1C2002781FB4A75900E6EA3D /* DisplayUsersTableViewCell.swift */,
				1C20027C1FB4AEEC00E6EA3D /* DisplayUsersCollectionViewCell.swift */,
				1C83DF231FC60699005758DC /* FunctionCallers.swift */,
			);
			path = Helpers;
			sourceTree = "<group>";
		};
		1CF05EB71F9F9B0D0093B8C7 /* Constants */ = {
			isa = PBXGroup;
			children = (
				1CF05EB81F9F9B250093B8C7 /* OauthToken.swift */,
			);
			path = Constants;
			sourceTree = "<group>";
		};
		34EE4516DC50589F0CCFC5BC /* Frameworks */ = {
			isa = PBXGroup;
			children = (
				AD3D4316923DCA8E60ADF579 /* Pods_OrchardClient.framework */,
			);
			name = Frameworks;
			sourceTree = "<group>";
		};
		F402F9474885CF9EFF651FAF /* Pods */ = {
			isa = PBXGroup;
			children = (
				F77725FD0749C8B351FC031A /* Pods-OrchardClient.debug.xcconfig */,
				B4575281DD01A9EC711C93D0 /* Pods-OrchardClient.release.xcconfig */,
			);
			name = Pods;
			sourceTree = "<group>";
		};
/* End PBXGroup section */

/* Begin PBXNativeTarget section */
		1C8DA2EE1F9C60F500553C5A /* OrchardClient */ = {
			isa = PBXNativeTarget;
			buildConfigurationList = 1C8DA3011F9C60F500553C5A /* Build configuration list for PBXNativeTarget "OrchardClient" */;
			buildPhases = (
				32094B53909631CFAC55B9E6 /* [CP] Check Pods Manifest.lock */,
				1C8DA2EB1F9C60F500553C5A /* Sources */,
				1C8DA2EC1F9C60F500553C5A /* Frameworks */,
				1C8DA2ED1F9C60F500553C5A /* Resources */,
				1C8DA3041F9C611300553C5A /* ShellScript */,
				D390F1091649DD0344C42DBE /* [CP] Embed Pods Frameworks */,
				E53C0C4EC4F5D641F6829718 /* [CP] Copy Pods Resources */,
			);
			buildRules = (
			);
			dependencies = (
			);
			name = OrchardClient;
			productName = OrchardClient;
			productReference = 1C8DA2EF1F9C60F500553C5A /* OrchardClient.app */;
			productType = "com.apple.product-type.application";
		};
/* End PBXNativeTarget section */

/* Begin PBXProject section */
		1C8DA2E71F9C60F500553C5A /* Project object */ = {
			isa = PBXProject;
			attributes = {
				LastSwiftUpdateCheck = 0900;
				LastUpgradeCheck = 0900;
				ORGANIZATIONNAME = "Matthew Harrilal";
				TargetAttributes = {
					1C8DA2EE1F9C60F500553C5A = {
						CreatedOnToolsVersion = 9.0;
						ProvisioningStyle = Automatic;
					};
				};
			};
			buildConfigurationList = 1C8DA2EA1F9C60F500553C5A /* Build configuration list for PBXProject "OrchardClient" */;
			compatibilityVersion = "Xcode 8.0";
			developmentRegion = en;
			hasScannedForEncodings = 0;
			knownRegions = (
				en,
				Base,
			);
			mainGroup = 1C8DA2E61F9C60F500553C5A;
			productRefGroup = 1C8DA2F01F9C60F500553C5A /* Products */;
			projectDirPath = "";
			projectRoot = "";
			targets = (
				1C8DA2EE1F9C60F500553C5A /* OrchardClient */,
			);
		};
/* End PBXProject section */

/* Begin PBXResourcesBuildPhase section */
		1C8DA2ED1F9C60F500553C5A /* Resources */ = {
			isa = PBXResourcesBuildPhase;
			buildActionMask = 2147483647;
			files = (
				1C2002811FB626F000E6EA3D /* Localizable.strings in Resources */,
				1C8DA2FD1F9C60F500553C5A /* LaunchScreen.storyboard in Resources */,
				1C8DA2FA1F9C60F500553C5A /* Assets.xcassets in Resources */,
				1C8DA2F81F9C60F500553C5A /* Main.storyboard in Resources */,
				1C1633711FB3A66A00EA4B4A /* noImage.png in Resources */,
			);
			runOnlyForDeploymentPostprocessing = 0;
		};
/* End PBXResourcesBuildPhase section */

/* Begin PBXShellScriptBuildPhase section */
		1C8DA3041F9C611300553C5A /* ShellScript */ = {
			isa = PBXShellScriptBuildPhase;
			buildActionMask = 2147483647;
			files = (
			);
			inputPaths = (
			);
			outputPaths = (
			);
			runOnlyForDeploymentPostprocessing = 0;
			shellPath = /bin/sh;
			shellScript = "";
		};
		32094B53909631CFAC55B9E6 /* [CP] Check Pods Manifest.lock */ = {
			isa = PBXShellScriptBuildPhase;
			buildActionMask = 2147483647;
			files = (
			);
			inputPaths = (
				"${PODS_PODFILE_DIR_PATH}/Podfile.lock",
				"${PODS_ROOT}/Manifest.lock",
			);
			name = "[CP] Check Pods Manifest.lock";
			outputPaths = (
				"$(DERIVED_FILE_DIR)/Pods-OrchardClient-checkManifestLockResult.txt",
			);
			runOnlyForDeploymentPostprocessing = 0;
			shellPath = /bin/sh;
			shellScript = "diff \"${PODS_PODFILE_DIR_PATH}/Podfile.lock\" \"${PODS_ROOT}/Manifest.lock\" > /dev/null\nif [ $? != 0 ] ; then\n    # print error to STDERR\n    echo \"error: The sandbox is not in sync with the Podfile.lock. Run 'pod install' or update your CocoaPods installation.\" >&2\n    exit 1\nfi\n# This output is used by Xcode 'outputs' to avoid re-running this script phase.\necho \"SUCCESS\" > \"${SCRIPT_OUTPUT_FILE_0}\"\n";
			showEnvVarsInLog = 0;
		};
		D390F1091649DD0344C42DBE /* [CP] Embed Pods Frameworks */ = {
			isa = PBXShellScriptBuildPhase;
			buildActionMask = 2147483647;
			files = (
			);
			inputPaths = (
				"${SRCROOT}/Pods/Target Support Files/Pods-OrchardClient/Pods-OrchardClient-frameworks.sh",
				"${BUILT_PRODUCTS_DIR}/BusyNavigationBar/BusyNavigationBar.framework",
				"${BUILT_PRODUCTS_DIR}/ExpyTableView/ExpyTableView.framework",
				"${BUILT_PRODUCTS_DIR}/KeychainSwift/KeychainSwift.framework",
				"${BUILT_PRODUCTS_DIR}/SHSearchBar/SHSearchBar.framework",
				"${BUILT_PRODUCTS_DIR}/SimpleAnimation/SimpleAnimation.framework",
				"${BUILT_PRODUCTS_DIR}/TextFieldEffects/TextFieldEffects.framework",
				"${BUILT_PRODUCTS_DIR}/Zip/Zip.framework",
			);
			name = "[CP] Embed Pods Frameworks";
			outputPaths = (
				"${TARGET_BUILD_DIR}/${FRAMEWORKS_FOLDER_PATH}/BusyNavigationBar.framework",
				"${TARGET_BUILD_DIR}/${FRAMEWORKS_FOLDER_PATH}/ExpyTableView.framework",
				"${TARGET_BUILD_DIR}/${FRAMEWORKS_FOLDER_PATH}/KeychainSwift.framework",
				"${TARGET_BUILD_DIR}/${FRAMEWORKS_FOLDER_PATH}/SHSearchBar.framework",
				"${TARGET_BUILD_DIR}/${FRAMEWORKS_FOLDER_PATH}/SimpleAnimation.framework",
				"${TARGET_BUILD_DIR}/${FRAMEWORKS_FOLDER_PATH}/TextFieldEffects.framework",
				"${TARGET_BUILD_DIR}/${FRAMEWORKS_FOLDER_PATH}/Zip.framework",
			);
			runOnlyForDeploymentPostprocessing = 0;
			shellPath = /bin/sh;
			shellScript = "\"${SRCROOT}/Pods/Target Support Files/Pods-OrchardClient/Pods-OrchardClient-frameworks.sh\"\n";
			showEnvVarsInLog = 0;
		};
		E53C0C4EC4F5D641F6829718 /* [CP] Copy Pods Resources */ = {
			isa = PBXShellScriptBuildPhase;
			buildActionMask = 2147483647;
			files = (
			);
			inputPaths = (
			);
			name = "[CP] Copy Pods Resources";
			outputPaths = (
			);
			runOnlyForDeploymentPostprocessing = 0;
			shellPath = /bin/sh;
			shellScript = "\"${SRCROOT}/Pods/Target Support Files/Pods-OrchardClient/Pods-OrchardClient-resources.sh\"\n";
			showEnvVarsInLog = 0;
		};
/* End PBXShellScriptBuildPhase section */

/* Begin PBXSourcesBuildPhase section */
		1C8DA2EB1F9C60F500553C5A /* Sources */ = {
			isa = PBXSourcesBuildPhase;
			buildActionMask = 2147483647;
			files = (
				1CA523E61FA2E76D00E792A8 /* SignUpViewController.swift in Sources */,
				1C0318F01FB0B7F5004CF2B4 /* DownloadProfileImage.swift in Sources */,
				1C8DA2F51F9C60F500553C5A /* LogInViewController.swift in Sources */,
				1C20027F1FB626E600E6EA3D /* SearchViewController.swift in Sources */,
				1C83DF221FC5FE50005758DC /* UserRepositoriesNetworkingLayer.swift in Sources */,
				1C2002791FB4A75900E6EA3D /* DisplayUsersTableViewCell.swift in Sources */,
				1C8DA2F31F9C60F500553C5A /* AppDelegate.swift in Sources */,
				1C8DA30A1F9C732B00553C5A /* LogInNetworkingCode.swift in Sources */,
				1C8DA3081F9C6F4400553C5A /* BasicAuth.swift in Sources */,
				1C6E06A11FD3D07900E81FC1 /* CommitsOnRepository.swift in Sources */,
				1C2002831FB62D5300E6EA3D /* GradientView.swift in Sources */,
				1CF05EB61F9F1FF70093B8C7 /* FIndGithubUsers.swift in Sources */,
				1CF05EB91F9F9B250093B8C7 /* OauthToken.swift in Sources */,
				1C6E06A31FD3D52A00E81FC1 /* GithubCommitsNetworkingLayer.swift in Sources */,
				1CF05EB01F9F18B70093B8C7 /* GithubNetworkingLayer.swift in Sources */,
				1CF05EB41F9F1BDF0093B8C7 /* GithubUser.swift in Sources */,
				1C20027B1FB4AAA000E6EA3D /* DisplayGithubUserCollectionView.swift in Sources */,
				1C8DA30C1F9D5FCB00553C5A /* Alerts.swift in Sources */,
				1C83DF241FC60699005758DC /* FunctionCallers.swift in Sources */,
				1C83DF261FC63800005758DC /* DisplayUserRepositories.swift in Sources */,
				1C8DA3061F9C6EA700553C5A /* User.swift in Sources */,
				1C20027D1FB4AEEC00E6EA3D /* DisplayUsersCollectionViewCell.swift in Sources */,
				1C0318F21FB0BE60004CF2B4 /* DisplayGithubUsers.swift in Sources */,
				38BC541F105D063D8B0E861C /* FindUserRepositories.swift in Sources */,
			);
			runOnlyForDeploymentPostprocessing = 0;
		};
/* End PBXSourcesBuildPhase section */

/* Begin PBXVariantGroup section */
		1C8DA2F61F9C60F500553C5A /* Main.storyboard */ = {
			isa = PBXVariantGroup;
			children = (
				1C8DA2F71F9C60F500553C5A /* Base */,
			);
			name = Main.storyboard;
			sourceTree = "<group>";
		};
		1C8DA2FB1F9C60F500553C5A /* LaunchScreen.storyboard */ = {
			isa = PBXVariantGroup;
			children = (
				1C8DA2FC1F9C60F500553C5A /* Base */,
			);
			name = LaunchScreen.storyboard;
			sourceTree = "<group>";
		};
/* End PBXVariantGroup section */

/* Begin XCBuildConfiguration section */
		1C8DA2FF1F9C60F500553C5A /* Debug */ = {
			isa = XCBuildConfiguration;
			buildSettings = {
				ALWAYS_SEARCH_USER_PATHS = NO;
				CLANG_ANALYZER_NONNULL = YES;
				CLANG_ANALYZER_NUMBER_OBJECT_CONVERSION = YES_AGGRESSIVE;
				CLANG_CXX_LANGUAGE_STANDARD = "gnu++14";
				CLANG_CXX_LIBRARY = "libc++";
				CLANG_ENABLE_MODULES = YES;
				CLANG_ENABLE_OBJC_ARC = YES;
				CLANG_WARN_BLOCK_CAPTURE_AUTORELEASING = YES;
				CLANG_WARN_BOOL_CONVERSION = YES;
				CLANG_WARN_COMMA = YES;
				CLANG_WARN_CONSTANT_CONVERSION = YES;
				CLANG_WARN_DIRECT_OBJC_ISA_USAGE = YES_ERROR;
				CLANG_WARN_DOCUMENTATION_COMMENTS = YES;
				CLANG_WARN_EMPTY_BODY = YES;
				CLANG_WARN_ENUM_CONVERSION = YES;
				CLANG_WARN_INFINITE_RECURSION = YES;
				CLANG_WARN_INT_CONVERSION = YES;
				CLANG_WARN_NON_LITERAL_NULL_CONVERSION = YES;
				CLANG_WARN_OBJC_LITERAL_CONVERSION = YES;
				CLANG_WARN_OBJC_ROOT_CLASS = YES_ERROR;
				CLANG_WARN_RANGE_LOOP_ANALYSIS = YES;
				CLANG_WARN_STRICT_PROTOTYPES = YES;
				CLANG_WARN_SUSPICIOUS_MOVE = YES;
				CLANG_WARN_UNGUARDED_AVAILABILITY = YES_AGGRESSIVE;
				CLANG_WARN_UNREACHABLE_CODE = YES;
				CLANG_WARN__DUPLICATE_METHOD_MATCH = YES;
				CODE_SIGN_IDENTITY = "iPhone Developer";
				COPY_PHASE_STRIP = NO;
				DEBUG_INFORMATION_FORMAT = dwarf;
				ENABLE_STRICT_OBJC_MSGSEND = YES;
				ENABLE_TESTABILITY = YES;
				GCC_C_LANGUAGE_STANDARD = gnu11;
				GCC_DYNAMIC_NO_PIC = NO;
				GCC_NO_COMMON_BLOCKS = YES;
				GCC_OPTIMIZATION_LEVEL = 0;
				GCC_PREPROCESSOR_DEFINITIONS = (
					"DEBUG=1",
					"$(inherited)",
				);
				GCC_WARN_64_TO_32_BIT_CONVERSION = YES;
				GCC_WARN_ABOUT_RETURN_TYPE = YES_ERROR;
				GCC_WARN_UNDECLARED_SELECTOR = YES;
				GCC_WARN_UNINITIALIZED_AUTOS = YES_AGGRESSIVE;
				GCC_WARN_UNUSED_FUNCTION = YES;
				GCC_WARN_UNUSED_VARIABLE = YES;
				IPHONEOS_DEPLOYMENT_TARGET = 11.0;
				MTL_ENABLE_DEBUG_INFO = YES;
				ONLY_ACTIVE_ARCH = YES;
				SDKROOT = iphoneos;
				SWIFT_ACTIVE_COMPILATION_CONDITIONS = DEBUG;
				SWIFT_OPTIMIZATION_LEVEL = "-Onone";
			};
			name = Debug;
		};
		1C8DA3001F9C60F500553C5A /* Release */ = {
			isa = XCBuildConfiguration;
			buildSettings = {
				ALWAYS_SEARCH_USER_PATHS = NO;
				CLANG_ANALYZER_NONNULL = YES;
				CLANG_ANALYZER_NUMBER_OBJECT_CONVERSION = YES_AGGRESSIVE;
				CLANG_CXX_LANGUAGE_STANDARD = "gnu++14";
				CLANG_CXX_LIBRARY = "libc++";
				CLANG_ENABLE_MODULES = YES;
				CLANG_ENABLE_OBJC_ARC = YES;
				CLANG_WARN_BLOCK_CAPTURE_AUTORELEASING = YES;
				CLANG_WARN_BOOL_CONVERSION = YES;
				CLANG_WARN_COMMA = YES;
				CLANG_WARN_CONSTANT_CONVERSION = YES;
				CLANG_WARN_DIRECT_OBJC_ISA_USAGE = YES_ERROR;
				CLANG_WARN_DOCUMENTATION_COMMENTS = YES;
				CLANG_WARN_EMPTY_BODY = YES;
				CLANG_WARN_ENUM_CONVERSION = YES;
				CLANG_WARN_INFINITE_RECURSION = YES;
				CLANG_WARN_INT_CONVERSION = YES;
				CLANG_WARN_NON_LITERAL_NULL_CONVERSION = YES;
				CLANG_WARN_OBJC_LITERAL_CONVERSION = YES;
				CLANG_WARN_OBJC_ROOT_CLASS = YES_ERROR;
				CLANG_WARN_RANGE_LOOP_ANALYSIS = YES;
				CLANG_WARN_STRICT_PROTOTYPES = YES;
				CLANG_WARN_SUSPICIOUS_MOVE = YES;
				CLANG_WARN_UNGUARDED_AVAILABILITY = YES_AGGRESSIVE;
				CLANG_WARN_UNREACHABLE_CODE = YES;
				CLANG_WARN__DUPLICATE_METHOD_MATCH = YES;
				CODE_SIGN_IDENTITY = "iPhone Developer";
				COPY_PHASE_STRIP = NO;
				DEBUG_INFORMATION_FORMAT = "dwarf-with-dsym";
				ENABLE_NS_ASSERTIONS = NO;
				ENABLE_STRICT_OBJC_MSGSEND = YES;
				GCC_C_LANGUAGE_STANDARD = gnu11;
				GCC_NO_COMMON_BLOCKS = YES;
				GCC_WARN_64_TO_32_BIT_CONVERSION = YES;
				GCC_WARN_ABOUT_RETURN_TYPE = YES_ERROR;
				GCC_WARN_UNDECLARED_SELECTOR = YES;
				GCC_WARN_UNINITIALIZED_AUTOS = YES_AGGRESSIVE;
				GCC_WARN_UNUSED_FUNCTION = YES;
				GCC_WARN_UNUSED_VARIABLE = YES;
				IPHONEOS_DEPLOYMENT_TARGET = 11.0;
				MTL_ENABLE_DEBUG_INFO = NO;
				SDKROOT = iphoneos;
				SWIFT_OPTIMIZATION_LEVEL = "-Owholemodule";
				VALIDATE_PRODUCT = YES;
			};
			name = Release;
		};
		1C8DA3021F9C60F500553C5A /* Debug */ = {
			isa = XCBuildConfiguration;
			baseConfigurationReference = F77725FD0749C8B351FC031A /* Pods-OrchardClient.debug.xcconfig */;
			buildSettings = {
				ASSETCATALOG_COMPILER_APPICON_NAME = AppIcon;
				CODE_SIGN_STYLE = Automatic;
				DEVELOPMENT_TEAM = R4WEEFNVWZ;
				INFOPLIST_FILE = OrchardClient/Info.plist;
				LD_RUNPATH_SEARCH_PATHS = "$(inherited) @executable_path/Frameworks";
				PRODUCT_BUNDLE_IDENTIFIER = m.OrchardClient;
				PRODUCT_NAME = "$(TARGET_NAME)";
				SWIFT_VERSION = 4.0;
				TARGETED_DEVICE_FAMILY = "1,2";
			};
			name = Debug;
		};
		1C8DA3031F9C60F500553C5A /* Release */ = {
			isa = XCBuildConfiguration;
			baseConfigurationReference = B4575281DD01A9EC711C93D0 /* Pods-OrchardClient.release.xcconfig */;
			buildSettings = {
				ASSETCATALOG_COMPILER_APPICON_NAME = AppIcon;
				CODE_SIGN_STYLE = Automatic;
				DEVELOPMENT_TEAM = R4WEEFNVWZ;
				INFOPLIST_FILE = OrchardClient/Info.plist;
				LD_RUNPATH_SEARCH_PATHS = "$(inherited) @executable_path/Frameworks";
				PRODUCT_BUNDLE_IDENTIFIER = m.OrchardClient;
				PRODUCT_NAME = "$(TARGET_NAME)";
				SWIFT_VERSION = 4.0;
				TARGETED_DEVICE_FAMILY = "1,2";
			};
			name = Release;
		};
/* End XCBuildConfiguration section */

/* Begin XCConfigurationList section */
		1C8DA2EA1F9C60F500553C5A /* Build configuration list for PBXProject "OrchardClient" */ = {
			isa = XCConfigurationList;
			buildConfigurations = (
				1C8DA2FF1F9C60F500553C5A /* Debug */,
				1C8DA3001F9C60F500553C5A /* Release */,
			);
			defaultConfigurationIsVisible = 0;
			defaultConfigurationName = Release;
		};
		1C8DA3011F9C60F500553C5A /* Build configuration list for PBXNativeTarget "OrchardClient" */ = {
			isa = XCConfigurationList;
			buildConfigurations = (
				1C8DA3021F9C60F500553C5A /* Debug */,
				1C8DA3031F9C60F500553C5A /* Release */,
			);
			defaultConfigurationIsVisible = 0;
			defaultConfigurationName = Release;
		};
/* End XCConfigurationList section */
	};
	rootObject = 1C8DA2E71F9C60F500553C5A /* Project object */;
}
